
Microsoft Visual Studio Solution File, Format Version 11.00
# Visual Basic Express 2010
Project("{F184B08F-C81C-45F6-A57F-5ABD9991F28F}") = "Lockpick", "Lockpick\Lockpick.vbproj", "{05916270-EEE1-4F27-96F6-7B71DD07FD82}"
EndProject
Global
	GlobalSection(SolutionConfigurationPlatforms) = preSolution
		Debug|x86 = Debug|x86
		Release|x86 = Release|x86
	EndGlobalSection
	GlobalSection(ProjectConfigurationPlatforms) = postSolution
		{05916270-EEE1-4F27-96F6-7B71DD07FD82}.Debug|x86.ActiveCfg = Debug|x86
		{05916270-EEE1-4F27-96F6-7B71DD07FD82}.Debug|x86.Build.0 = Debug|x86
		{05916270-EEE1-4F27-96F6-7B71DD07FD82}.Release|x86.ActiveCfg = Release|x86
		{05916270-EEE1-4F27-96F6-7B71DD07FD82}.Release|x86.Build.0 = Release|x86
	EndGlobalSection
	GlobalSection(SolutionProperties) = preSolution
		HideSolutionNode = FALSE
	EndGlobalSection
EndGlobal
